{
	"name": "sanso",
	"version": "0.1.3",
	"lockfileVersion": 3,
	"requires": true,
	"packages": {
		"": {
			"name": "sanso",
			"version": "0.1.3",
			"license": "MIT",
			"dependencies": {
				"hono": "^4.1.3"
			},
			"devDependencies": {
				"bumpp": "^11.0.1",
				"prettier": "^3.2.5",
				"typescript": "^5.4.3"
			}
		},
		"node_modules/@quansync/fs": {
			"version": "1.0.0",
			"resolved": "https://registry.npmjs.org/@quansync/fs/-/fs-1.0.0.tgz",
			"integrity": "sha512-4TJ3DFtlf1L5LDMaM6CanJ/0lckGNtJcMjQ1NAV6zDmA0tEHKZtxNKin8EgPaVX1YzljbxckyT2tJrpQKAtngQ==",
			"dev": true,
			"license": "MIT",
			"dependencies": {
				"quansync": "^1.0.0"
			},
			"funding": {
				"url": "https://github.com/sponsors/sxzz"
			}
		},
		"node_modules/args-tokenizer": {
			"version": "0.3.0",
			"resolved": "https://registry.npmjs.org/args-tokenizer/-/args-tokenizer-0.3.0.tgz",
			"integrity": "sha512-xXAd7G2Mll5W8uo37GETpQ2VrE84M181Z7ugHFGQnJZ50M2mbOv0osSZ9VsSgPfJQ+LVG0prSi0th+ELMsno7Q==",
			"dev": true,
			"license": "MIT"
		},
		"node_modules/bumpp": {
			"version": "11.0.1",
			"resolved": "https://registry.npmjs.org/bumpp/-/bumpp-11.0.1.tgz",
			"integrity": "sha512-X0ti27I/ewsx/u0EJSyl0IZWWOE95q+wIpAG/60kc5gqMNR4a23YJdd3lL7JsBN11TgLbCM4KpfGMuFfdigb4g==",
			"dev": true,
			"license": "MIT",
			"dependencies": {
				"args-tokenizer": "^0.3.0",
				"cac": "^7.0.0",
				"jsonc-parser": "^3.3.1",
				"package-manager-detector": "^1.6.0",
				"semver": "^7.7.4",
				"tinyexec": "^1.0.4",
				"tinyglobby": "^0.2.15",
				"unconfig": "^7.5.0",
				"yaml": "^2.8.2"
			},
			"bin": {
				"bumpp": "bin/bumpp.mjs"
			},
			"engines": {
				"node": ">=20.19.0"
			}
		},
		"node_modules/cac": {
			"version": "7.0.0",
			"resolved": "https://registry.npmjs.org/cac/-/cac-7.0.0.tgz",
			"integrity": "sha512-tixWYgm5ZoOD+3g6UTea91eow5z6AAHaho3g0V9CNSNb45gM8SmflpAc+GRd1InC4AqN/07Unrgp56Y94N9hJQ==",
			"dev": true,
			"license": "MIT",
			"engines": {
				"node": ">=20.19.0"
			}
		},
		"node_modules/defu": {
			"version": "6.1.4",
			"resolved": "https://registry.npmjs.org/defu/-/defu-6.1.4.tgz",
			"integrity": "sha512-mEQCMmwJu317oSz8CwdIOdwf3xMif1ttiM8LTufzc3g6kR+9Pe236twL8j3IYT1F7GfRgGcW6MWxzZjLIkuHIg==",
			"dev": true,
			"license": "MIT"
		},
		"node_modules/fdir": {
			"version": "6.5.0",
			"resolved": "https://registry.npmjs.org/fdir/-/fdir-6.5.0.tgz",
			"integrity": "sha512-tIbYtZbucOs0BRGqPJkshJUYdL+SDH7dVM8gjy+ERp3WAUjLEFJE+02kanyHtwjWOnwrKYBiwAmM0p4kLJAnXg==",
			"dev": true,
			"license": "MIT",
			"engines": {
				"node": ">=12.0.0"
			},
			"peerDependencies": {
				"picomatch": "^3 || ^4"
			},
			"peerDependenciesMeta": {
				"picomatch": {
					"optional": true
				}
			}
		},
		"node_modules/hono": {
			"version": "4.1.3",
			"resolved": "https://registry.npmjs.org/hono/-/hono-4.1.3.tgz",
			"integrity": "sha512-V0I6qCw0gn2MA4LLtyXe6oD3/7ToeQf5Zv98o7uSuLuViQgWHJeYoYrZ4NbXhOtg4SaZjNJJm1+XuFB3LN+j6A==",
			"engines": {
				"node": ">=16.0.0"
			}
		},
		"node_modules/jiti": {
			"version": "2.6.1",
			"resolved": "https://registry.npmjs.org/jiti/-/jiti-2.6.1.tgz",
			"integrity": "sha512-ekilCSN1jwRvIbgeg/57YFh8qQDNbwDb9xT/qu2DAHbFFZUicIl4ygVaAvzveMhMVr3LnpSKTNnwt8PoOfmKhQ==",
			"dev": true,
			"license": "MIT",
			"bin": {
				"jiti": "lib/jiti-cli.mjs"
			}
		},
		"node_modules/jsonc-parser": {
			"version": "3.3.1",
			"resolved": "https://registry.npmjs.org/jsonc-parser/-/jsonc-parser-3.3.1.tgz",
			"integrity": "sha512-HUgH65KyejrUFPvHFPbqOY0rsFip3Bo5wb4ngvdi1EpCYWUQDC5V+Y7mZws+DLkr4M//zQJoanu1SP+87Dv1oQ==",
			"dev": true,
			"license": "MIT"
		},
		"node_modules/package-manager-detector": {
			"version": "1.6.0",
			"resolved": "https://registry.npmjs.org/package-manager-detector/-/package-manager-detector-1.6.0.tgz",
			"integrity": "sha512-61A5ThoTiDG/C8s8UMZwSorAGwMJ0ERVGj2OjoW5pAalsNOg15+iQiPzrLJ4jhZ1HJzmC2PIHT2oEiH3R5fzNA==",
			"dev": true,
			"license": "MIT"
		},
		"node_modules/picomatch": {
			"version": "4.0.3",
			"resolved": "https://registry.npmjs.org/picomatch/-/picomatch-4.0.3.tgz",
			"integrity": "sha512-5gTmgEY/sqK6gFXLIsQNH19lWb4ebPDLA4SdLP7dsWkIXHWlG66oPuVvXSGFPppYZz8ZDZq0dYYrbHfBCVUb1Q==",
			"dev": true,
			"license": "MIT",
			"engines": {
				"node": ">=12"
			},
			"funding": {
				"url": "https://github.com/sponsors/jonschlinkert"
			}
		},
		"node_modules/prettier": {
			"version": "3.2.5",
			"resolved": "https://registry.npmjs.org/prettier/-/prettier-3.2.5.tgz",
			"integrity": "sha512-3/GWa9aOC0YeD7LUfvOG2NiDyhOWRvt1k+rcKhOuYnMY24iiCphgneUfJDyFXd6rZCAnuLBv6UeAULtrhT/F4A==",
			"dev": true,
			"bin": {
				"prettier": "bin/prettier.cjs"
			},
			"engines": {
				"node": ">=14"
			},
			"funding": {
				"url": "https://github.com/prettier/prettier?sponsor=1"
			}
		},
		"node_modules/quansync": {
			"version": "1.0.0",
			"resolved": "https://registry.npmjs.org/quansync/-/quansync-1.0.0.tgz",
			"integrity": "sha512-5xZacEEufv3HSTPQuchrvV6soaiACMFnq1H8wkVioctoH3TRha9Sz66lOxRwPK/qZj7HPiSveih9yAyh98gvqA==",
			"dev": true,
			"funding": [
				{
					"type": "individual",
					"url": "https://github.com/sponsors/antfu"
				},
				{
					"type": "individual",
					"url": "https://github.com/sponsors/sxzz"
				}
			],
			"license": "MIT"
		},
		"node_modules/semver": {
			"version": "7.7.4",
			"resolved": "https://registry.npmjs.org/semver/-/semver-7.7.4.tgz",
			"integrity": "sha512-vFKC2IEtQnVhpT78h1Yp8wzwrf8CM+MzKMHGJZfBtzhZNycRFnXsHk6E5TxIkkMsgNS7mdX3AGB7x2QM2di4lA==",
			"dev": true,
			"license": "ISC",
			"bin": {
				"semver": "bin/semver.js"
			},
			"engines": {
				"node": ">=10"
			}
		},
		"node_modules/tinyexec": {
			"version": "1.0.4",
			"resolved": "https://registry.npmjs.org/tinyexec/-/tinyexec-1.0.4.tgz",
			"integrity": "sha512-u9r3uZC0bdpGOXtlxUIdwf9pkmvhqJdrVCH9fapQtgy/OeTTMZ1nqH7agtvEfmGui6e1XxjcdrlxvxJvc3sMqw==",
			"dev": true,
			"license": "MIT",
			"engines": {
				"node": ">=18"
			}
		},
		"node_modules/tinyglobby": {
			"version": "0.2.15",
			"resolved": "https://registry.npmjs.org/tinyglobby/-/tinyglobby-0.2.15.tgz",
			"integrity": "sha512-j2Zq4NyQYG5XMST4cbs02Ak8iJUdxRM0XI5QyxXuZOzKOINmWurp3smXu3y5wDcJrptwpSjgXHzIQxR0omXljQ==",
			"dev": true,
			"license": "MIT",
			"dependencies": {
				"fdir": "^6.5.0",
				"picomatch": "^4.0.3"
			},
			"engines": {
				"node": ">=12.0.0"
			},
			"funding": {
				"url": "https://github.com/sponsors/SuperchupuDev"
			}
		},
		"node_modules/typescript": {
			"version": "5.4.3",
			"resolved": "https://registry.npmjs.org/typescript/-/typescript-5.4.3.tgz",
			"integrity": "sha512-KrPd3PKaCLr78MalgiwJnA25Nm8HAmdwN3mYUYZgG/wizIo9EainNVQI9/yDavtVFRN2h3k8uf3GLHuhDMgEHg==",
			"dev": true,
			"bin": {
				"tsc": "bin/tsc",
				"tsserver": "bin/tsserver"
			},
			"engines": {
				"node": ">=14.17"
			}
		},
		"node_modules/unconfig": {
			"version": "7.5.0",
			"resolved": "https://registry.npmjs.org/unconfig/-/unconfig-7.5.0.tgz",
			"integrity": "sha512-oi8Qy2JV4D3UQ0PsopR28CzdQ3S/5A1zwsUwp/rosSbfhJ5z7b90bIyTwi/F7hCLD4SGcZVjDzd4XoUQcEanvA==",
			"dev": true,
			"license": "MIT",
			"dependencies": {
				"@quansync/fs": "^1.0.0",
				"defu": "^6.1.4",
				"jiti": "^2.6.1",
				"quansync": "^1.0.0",
				"unconfig-core": "7.5.0"
			},
			"funding": {
				"url": "https://github.com/sponsors/antfu"
			}
		},
		"node_modules/unconfig-core": {
			"version": "7.5.0",
			"resolved": "https://registry.npmjs.org/unconfig-core/-/unconfig-core-7.5.0.tgz",
			"integrity": "sha512-Su3FauozOGP44ZmKdHy2oE6LPjk51M/TRRjHv2HNCWiDvfvCoxC2lno6jevMA91MYAdCdwP05QnWdWpSbncX/w==",
			"dev": true,
			"license": "MIT",
			"dependencies": {
				"@quansync/fs": "^1.0.0",
				"quansync": "^1.0.0"
			},
			"funding": {
				"url": "https://github.com/sponsors/antfu"
			}
		},
		"node_modules/yaml": {
			"version": "2.8.2",
			"resolved": "https://registry.npmjs.org/yaml/-/yaml-2.8.2.tgz",
			"integrity": "sha512-mplynKqc1C2hTVYxd0PU2xQAc22TI1vShAYGksCCfxbn/dFwnHTNi1bvYsBTkhdUNtGIf5xNOg938rrSSYvS9A==",
			"dev": true,
			"license": "ISC",
			"bin": {
				"yaml": "bin.mjs"
			},
			"engines": {
				"node": ">= 14.6"
			},
			"funding": {
				"url": "https://github.com/sponsors/eemeli"
			}
		}
	}
}
